PODS:
  - Flutter (1.0.0)
  - flutter_config (0.0.1):
    - Flutter
  - Iterable-iOS-SDK (6.3.2)
  - iterable_flutter (0.0.1):
    - Flutter
    - Iterable-iOS-SDK (= 6.3.2)

DEPENDENCIES:
  - Flutter (from `Flutter`)
  - flutter_config (from `.symlinks/plugins/flutter_config/ios`)
  - iterable_flutter (from `.symlinks/plugins/iterable_flutter/ios`)

SPEC REPOS:
  trunk:
    - Iterable-iOS-SDK

EXTERNAL SOURCES:
  Flutter:
    :path: Flutter
  flutter_config:
    :path: ".symlinks/plugins/flutter_config/ios"
  iterable_flutter:
    :path: ".symlinks/plugins/iterable_flutter/ios"

SPEC CHECKSUMS:
  Flutter: 434fef37c0980e73bb6479ef766c45957d4b510c
  flutter_config: 2226c1df19c78fe34a05eb7f1363445f18e76fc1
  Iterable-iOS-SDK: e8df61a1c167c84b1cbb63859077587cda66bec0
  iterable_flutter: 53637b9561c55cb3e94385b78fe43bdebc7e5491

PODFILE CHECKSUM: aafe91acc616949ddb318b77800a7f51bffa2a4c

COCOAPODS: 1.10.1
